
Microsoft Visual Studio Solution File, Format Version 12.00
# Visual Studio 15
VisualStudioVersion = 15.0.26124.0
MinimumVisualStudioVersion = 15.0.26124.0
Project("{2150E333-8FDC-42A3-9474-1A3956D46DE8}") = "vm", "vm", "{9C914E7A-631E-475D-84CC-D6598E6F7B64}"
EndProject
Project("{2150E333-8FDC-42A3-9474-1A3956D46DE8}") = "src", "src", "{83B85312-2D79-4121-8BD7-97A9BFADA8BB}"
EndProject
Project("{FAE04EC0-301F-11D3-BF4B-00C04F79EFBC}") = "neo-vm", "vm\src\neo-vm\neo-vm.csproj", "{E4057BAD-CE65-44A8-A2A9-9B574B90D935}"
EndProject
Project("{2150E333-8FDC-42A3-9474-1A3956D46DE8}") = "core", "core", "{65EBB414-4CDF-402D-8B3B-3FAAF438C037}"
EndProject
Project("{2150E333-8FDC-42A3-9474-1A3956D46DE8}") = "src", "src", "{0AFE66C3-7937-4EC2-8D34-A978DA2B7032}"
EndProject
Project("{FAE04EC0-301F-11D3-BF4B-00C04F79EFBC}") = "neo", "core\src\neo\neo.csproj", "{FB1E943F-50E7-49AB-B482-7957A1812B99}"
EndProject
Project("{2150E333-8FDC-42A3-9474-1A3956D46DE8}") = "devpack", "devpack", "{043938FC-9D81-4E68-8C0A-E0F854ED1166}"
EndProject
Project("{2150E333-8FDC-42A3-9474-1A3956D46DE8}") = "src", "src", "{173B6BE2-4AFB-4C25-9376-0BD5D93ACC2B}"
EndProject
Project("{FAE04EC0-301F-11D3-BF4B-00C04F79EFBC}") = "Neo.Compiler.MSIL", "devpack\src\Neo.Compiler.MSIL\Neo.Compiler.MSIL.csproj", "{4042A592-3843-4C0F-B691-025439CF6E68}"
EndProject
Project("{2150E333-8FDC-42A3-9474-1A3956D46DE8}") = "modules", "modules", "{305623A3-0803-44CA-9B74-BFA4EA498ADE}"
EndProject
Project("{2150E333-8FDC-42A3-9474-1A3956D46DE8}") = "src", "src", "{C01656FA-4ECF-48F5-B29C-2BF5BE10CD97}"
EndProject
Project("{FAE04EC0-301F-11D3-BF4B-00C04F79EFBC}") = "RpcClient", "modules\src\RpcClient\RpcClient.csproj", "{ECC3DDBA-3F50-43DA-A4FD-58120D8659A7}"
EndProject
Project("{FAE04EC0-301F-11D3-BF4B-00C04F79EFBC}") = "RpcServer", "modules\src\RpcServer\RpcServer.csproj", "{1B5A34FB-D322-40C2-B040-16CA6A405DA3}"
EndProject
Project("{FAE04EC0-301F-11D3-BF4B-00C04F79EFBC}") = "ApplicationLogs", "modules\src\ApplicationLogs\ApplicationLogs.csproj", "{4BB38609-F31E-4AD4-9F9B-F394E1C575C5}"
EndProject
Project("{FAE04EC0-301F-11D3-BF4B-00C04F79EFBC}") = "LevelDBStore", "modules\src\LevelDBStore\LevelDBStore.csproj", "{91746866-B58C-48BB-880C-F4ACAFA8F3CD}"
EndProject
Project("{FAE04EC0-301F-11D3-BF4B-00C04F79EFBC}") = "RocksDBStore", "modules\src\RocksDBStore\RocksDBStore.csproj", "{3EEC2A9C-645E-4773-874E-A0FC867E1417}"
EndProject
Project("{FAE04EC0-301F-11D3-BF4B-00C04F79EFBC}") = "RpcNep5Tracker", "modules\src\RpcNep5Tracker\RpcNep5Tracker.csproj", "{F11ED95E-4FB9-4AED-8738-F0C65867EAE5}"
EndProject
Project("{FAE04EC0-301F-11D3-BF4B-00C04F79EFBC}") = "StatesDumper", "modules\src\StatesDumper\StatesDumper.csproj", "{87A06C80-71ED-4DF5-BCCF-65742D50CF7E}"
EndProject
Global
	GlobalSection(SolutionConfigurationPlatforms) = preSolution
		Debug|Any CPU = Debug|Any CPU
		Debug|x64 = Debug|x64
		Debug|x86 = Debug|x86
		Release|Any CPU = Release|Any CPU
		Release|x64 = Release|x64
		Release|x86 = Release|x86
	EndGlobalSection
	GlobalSection(SolutionProperties) = preSolution
		HideSolutionNode = FALSE
	EndGlobalSection
	GlobalSection(ProjectConfigurationPlatforms) = postSolution
		{E4057BAD-CE65-44A8-A2A9-9B574B90D935}.Debug|Any CPU.ActiveCfg = Debug|Any CPU
		{E4057BAD-CE65-44A8-A2A9-9B574B90D935}.Debug|Any CPU.Build.0 = Debug|Any CPU
		{E4057BAD-CE65-44A8-A2A9-9B574B90D935}.Debug|x64.ActiveCfg = Debug|Any CPU
		{E4057BAD-CE65-44A8-A2A9-9B574B90D935}.Debug|x64.Build.0 = Debug|Any CPU
		{E4057BAD-CE65-44A8-A2A9-9B574B90D935}.Debug|x86.ActiveCfg = Debug|Any CPU
		{E4057BAD-CE65-44A8-A2A9-9B574B90D935}.Debug|x86.Build.0 = Debug|Any CPU
		{E4057BAD-CE65-44A8-A2A9-9B574B90D935}.Release|Any CPU.ActiveCfg = Release|Any CPU
		{E4057BAD-CE65-44A8-A2A9-9B574B90D935}.Release|Any CPU.Build.0 = Release|Any CPU
		{E4057BAD-CE65-44A8-A2A9-9B574B90D935}.Release|x64.ActiveCfg = Release|Any CPU
		{E4057BAD-CE65-44A8-A2A9-9B574B90D935}.Release|x64.Build.0 = Release|Any CPU
		{E4057BAD-CE65-44A8-A2A9-9B574B90D935}.Release|x86.ActiveCfg = Release|Any CPU
		{E4057BAD-CE65-44A8-A2A9-9B574B90D935}.Release|x86.Build.0 = Release|Any CPU
		{FB1E943F-50E7-49AB-B482-7957A1812B99}.Debug|Any CPU.ActiveCfg = Debug|Any CPU
		{FB1E943F-50E7-49AB-B482-7957A1812B99}.Debug|Any CPU.Build.0 = Debug|Any CPU
		{FB1E943F-50E7-49AB-B482-7957A1812B99}.Debug|x64.ActiveCfg = Debug|Any CPU
		{FB1E943F-50E7-49AB-B482-7957A1812B99}.Debug|x64.Build.0 = Debug|Any CPU
		{FB1E943F-50E7-49AB-B482-7957A1812B99}.Debug|x86.ActiveCfg = Debug|Any CPU
		{FB1E943F-50E7-49AB-B482-7957A1812B99}.Debug|x86.Build.0 = Debug|Any CPU
		{FB1E943F-50E7-49AB-B482-7957A1812B99}.Release|Any CPU.ActiveCfg = Release|Any CPU
		{FB1E943F-50E7-49AB-B482-7957A1812B99}.Release|Any CPU.Build.0 = Release|Any CPU
		{FB1E943F-50E7-49AB-B482-7957A1812B99}.Release|x64.ActiveCfg = Release|Any CPU
		{FB1E943F-50E7-49AB-B482-7957A1812B99}.Release|x64.Build.0 = Release|Any CPU
		{FB1E943F-50E7-49AB-B482-7957A1812B99}.Release|x86.ActiveCfg = Release|Any CPU
		{FB1E943F-50E7-49AB-B482-7957A1812B99}.Release|x86.Build.0 = Release|Any CPU
		{4042A592-3843-4C0F-B691-025439CF6E68}.Debug|Any CPU.ActiveCfg = Debug|Any CPU
		{4042A592-3843-4C0F-B691-025439CF6E68}.Debug|Any CPU.Build.0 = Debug|Any CPU
		{4042A592-3843-4C0F-B691-025439CF6E68}.Debug|x64.ActiveCfg = Debug|Any CPU
		{4042A592-3843-4C0F-B691-025439CF6E68}.Debug|x64.Build.0 = Debug|Any CPU
		{4042A592-3843-4C0F-B691-025439CF6E68}.Debug|x86.ActiveCfg = Debug|Any CPU
		{4042A592-3843-4C0F-B691-025439CF6E68}.Debug|x86.Build.0 = Debug|Any CPU
		{4042A592-3843-4C0F-B691-025439CF6E68}.Release|Any CPU.ActiveCfg = Release|Any CPU
		{4042A592-3843-4C0F-B691-025439CF6E68}.Release|Any CPU.Build.0 = Release|Any CPU
		{4042A592-3843-4C0F-B691-025439CF6E68}.Release|x64.ActiveCfg = Release|Any CPU
		{4042A592-3843-4C0F-B691-025439CF6E68}.Release|x64.Build.0 = Release|Any CPU
		{4042A592-3843-4C0F-B691-025439CF6E68}.Release|x86.ActiveCfg = Release|Any CPU
		{4042A592-3843-4C0F-B691-025439CF6E68}.Release|x86.Build.0 = Release|Any CPU
		{ECC3DDBA-3F50-43DA-A4FD-58120D8659A7}.Debug|Any CPU.ActiveCfg = Debug|Any CPU
		{ECC3DDBA-3F50-43DA-A4FD-58120D8659A7}.Debug|Any CPU.Build.0 = Debug|Any CPU
		{ECC3DDBA-3F50-43DA-A4FD-58120D8659A7}.Debug|x64.ActiveCfg = Debug|Any CPU
		{ECC3DDBA-3F50-43DA-A4FD-58120D8659A7}.Debug|x64.Build.0 = Debug|Any CPU
		{ECC3DDBA-3F50-43DA-A4FD-58120D8659A7}.Debug|x86.ActiveCfg = Debug|Any CPU
		{ECC3DDBA-3F50-43DA-A4FD-58120D8659A7}.Debug|x86.Build.0 = Debug|Any CPU
		{ECC3DDBA-3F50-43DA-A4FD-58120D8659A7}.Release|Any CPU.ActiveCfg = Release|Any CPU
		{ECC3DDBA-3F50-43DA-A4FD-58120D8659A7}.Release|Any CPU.Build.0 = Release|Any CPU
		{ECC3DDBA-3F50-43DA-A4FD-58120D8659A7}.Release|x64.ActiveCfg = Release|Any CPU
		{ECC3DDBA-3F50-43DA-A4FD-58120D8659A7}.Release|x64.Build.0 = Release|Any CPU
		{ECC3DDBA-3F50-43DA-A4FD-58120D8659A7}.Release|x86.ActiveCfg = Release|Any CPU
		{ECC3DDBA-3F50-43DA-A4FD-58120D8659A7}.Release|x86.Build.0 = Release|Any CPU
		{1B5A34FB-D322-40C2-B040-16CA6A405DA3}.Debug|Any CPU.ActiveCfg = Debug|Any CPU
		{1B5A34FB-D322-40C2-B040-16CA6A405DA3}.Debug|Any CPU.Build.0 = Debug|Any CPU
		{1B5A34FB-D322-40C2-B040-16CA6A405DA3}.Debug|x64.ActiveCfg = Debug|Any CPU
		{1B5A34FB-D322-40C2-B040-16CA6A405DA3}.Debug|x64.Build.0 = Debug|Any CPU
		{1B5A34FB-D322-40C2-B040-16CA6A405DA3}.Debug|x86.ActiveCfg = Debug|Any CPU
		{1B5A34FB-D322-40C2-B040-16CA6A405DA3}.Debug|x86.Build.0 = Debug|Any CPU
		{1B5A34FB-D322-40C2-B040-16CA6A405DA3}.Release|Any CPU.ActiveCfg = Release|Any CPU
		{1B5A34FB-D322-40C2-B040-16CA6A405DA3}.Release|Any CPU.Build.0 = Release|Any CPU
		{1B5A34FB-D322-40C2-B040-16CA6A405DA3}.Release|x64.ActiveCfg = Release|Any CPU
		{1B5A34FB-D322-40C2-B040-16CA6A405DA3}.Release|x64.Build.0 = Release|Any CPU
		{1B5A34FB-D322-40C2-B040-16CA6A405DA3}.Release|x86.ActiveCfg = Release|Any CPU
		{1B5A34FB-D322-40C2-B040-16CA6A405DA3}.Release|x86.Build.0 = Release|Any CPU
		{4BB38609-F31E-4AD4-9F9B-F394E1C575C5}.Debug|Any CPU.ActiveCfg = Debug|Any CPU
		{4BB38609-F31E-4AD4-9F9B-F394E1C575C5}.Debug|Any CPU.Build.0 = Debug|Any CPU
		{4BB38609-F31E-4AD4-9F9B-F394E1C575C5}.Debug|x64.ActiveCfg = Debug|Any CPU
		{4BB38609-F31E-4AD4-9F9B-F394E1C575C5}.Debug|x64.Build.0 = Debug|Any CPU
		{4BB38609-F31E-4AD4-9F9B-F394E1C575C5}.Debug|x86.ActiveCfg = Debug|Any CPU
		{4BB38609-F31E-4AD4-9F9B-F394E1C575C5}.Debug|x86.Build.0 = Debug|Any CPU
		{4BB38609-F31E-4AD4-9F9B-F394E1C575C5}.Release|Any CPU.ActiveCfg = Release|Any CPU
		{4BB38609-F31E-4AD4-9F9B-F394E1C575C5}.Release|Any CPU.Build.0 = Release|Any CPU
		{4BB38609-F31E-4AD4-9F9B-F394E1C575C5}.Release|x64.ActiveCfg = Release|Any CPU
		{4BB38609-F31E-4AD4-9F9B-F394E1C575C5}.Release|x64.Build.0 = Release|Any CPU
		{4BB38609-F31E-4AD4-9F9B-F394E1C575C5}.Release|x86.ActiveCfg = Release|Any CPU
		{4BB38609-F31E-4AD4-9F9B-F394E1C575C5}.Release|x86.Build.0 = Release|Any CPU
		{91746866-B58C-48BB-880C-F4ACAFA8F3CD}.Debug|Any CPU.ActiveCfg = Debug|Any CPU
		{91746866-B58C-48BB-880C-F4ACAFA8F3CD}.Debug|Any CPU.Build.0 = Debug|Any CPU
		{91746866-B58C-48BB-880C-F4ACAFA8F3CD}.Debug|x64.ActiveCfg = Debug|Any CPU
		{91746866-B58C-48BB-880C-F4ACAFA8F3CD}.Debug|x64.Build.0 = Debug|Any CPU
		{91746866-B58C-48BB-880C-F4ACAFA8F3CD}.Debug|x86.ActiveCfg = Debug|Any CPU
		{91746866-B58C-48BB-880C-F4ACAFA8F3CD}.Debug|x86.Build.0 = Debug|Any CPU
		{91746866-B58C-48BB-880C-F4ACAFA8F3CD}.Release|Any CPU.ActiveCfg = Release|Any CPU
		{91746866-B58C-48BB-880C-F4ACAFA8F3CD}.Release|Any CPU.Build.0 = Release|Any CPU
		{91746866-B58C-48BB-880C-F4ACAFA8F3CD}.Release|x64.ActiveCfg = Release|Any CPU
		{91746866-B58C-48BB-880C-F4ACAFA8F3CD}.Release|x64.Build.0 = Release|Any CPU
		{91746866-B58C-48BB-880C-F4ACAFA8F3CD}.Release|x86.ActiveCfg = Release|Any CPU
		{91746866-B58C-48BB-880C-F4ACAFA8F3CD}.Release|x86.Build.0 = Release|Any CPU
		{3EEC2A9C-645E-4773-874E-A0FC867E1417}.Debug|Any CPU.ActiveCfg = Debug|Any CPU
		{3EEC2A9C-645E-4773-874E-A0FC867E1417}.Debug|Any CPU.Build.0 = Debug|Any CPU
		{3EEC2A9C-645E-4773-874E-A0FC867E1417}.Debug|x64.ActiveCfg = Debug|Any CPU
		{3EEC2A9C-645E-4773-874E-A0FC867E1417}.Debug|x64.Build.0 = Debug|Any CPU
		{3EEC2A9C-645E-4773-874E-A0FC867E1417}.Debug|x86.ActiveCfg = Debug|Any CPU
		{3EEC2A9C-645E-4773-874E-A0FC867E1417}.Debug|x86.Build.0 = Debug|Any CPU
		{3EEC2A9C-645E-4773-874E-A0FC867E1417}.Release|Any CPU.ActiveCfg = Release|Any CPU
		{3EEC2A9C-645E-4773-874E-A0FC867E1417}.Release|Any CPU.Build.0 = Release|Any CPU
		{3EEC2A9C-645E-4773-874E-A0FC867E1417}.Release|x64.ActiveCfg = Release|Any CPU
		{3EEC2A9C-645E-4773-874E-A0FC867E1417}.Release|x64.Build.0 = Release|Any CPU
		{3EEC2A9C-645E-4773-874E-A0FC867E1417}.Release|x86.ActiveCfg = Release|Any CPU
		{3EEC2A9C-645E-4773-874E-A0FC867E1417}.Release|x86.Build.0 = Release|Any CPU
		{F11ED95E-4FB9-4AED-8738-F0C65867EAE5}.Debug|Any CPU.ActiveCfg = Debug|Any CPU
		{F11ED95E-4FB9-4AED-8738-F0C65867EAE5}.Debug|Any CPU.Build.0 = Debug|Any CPU
		{F11ED95E-4FB9-4AED-8738-F0C65867EAE5}.Debug|x64.ActiveCfg = Debug|Any CPU
		{F11ED95E-4FB9-4AED-8738-F0C65867EAE5}.Debug|x64.Build.0 = Debug|Any CPU
		{F11ED95E-4FB9-4AED-8738-F0C65867EAE5}.Debug|x86.ActiveCfg = Debug|Any CPU
		{F11ED95E-4FB9-4AED-8738-F0C65867EAE5}.Debug|x86.Build.0 = Debug|Any CPU
		{F11ED95E-4FB9-4AED-8738-F0C65867EAE5}.Release|Any CPU.ActiveCfg = Release|Any CPU
		{F11ED95E-4FB9-4AED-8738-F0C65867EAE5}.Release|Any CPU.Build.0 = Release|Any CPU
		{F11ED95E-4FB9-4AED-8738-F0C65867EAE5}.Release|x64.ActiveCfg = Release|Any CPU
		{F11ED95E-4FB9-4AED-8738-F0C65867EAE5}.Release|x64.Build.0 = Release|Any CPU
		{F11ED95E-4FB9-4AED-8738-F0C65867EAE5}.Release|x86.ActiveCfg = Release|Any CPU
		{F11ED95E-4FB9-4AED-8738-F0C65867EAE5}.Release|x86.Build.0 = Release|Any CPU
		{87A06C80-71ED-4DF5-BCCF-65742D50CF7E}.Debug|Any CPU.ActiveCfg = Debug|Any CPU
		{87A06C80-71ED-4DF5-BCCF-65742D50CF7E}.Debug|Any CPU.Build.0 = Debug|Any CPU
		{87A06C80-71ED-4DF5-BCCF-65742D50CF7E}.Debug|x64.ActiveCfg = Debug|Any CPU
		{87A06C80-71ED-4DF5-BCCF-65742D50CF7E}.Debug|x64.Build.0 = Debug|Any CPU
		{87A06C80-71ED-4DF5-BCCF-65742D50CF7E}.Debug|x86.ActiveCfg = Debug|Any CPU
		{87A06C80-71ED-4DF5-BCCF-65742D50CF7E}.Debug|x86.Build.0 = Debug|Any CPU
		{87A06C80-71ED-4DF5-BCCF-65742D50CF7E}.Release|Any CPU.ActiveCfg = Release|Any CPU
		{87A06C80-71ED-4DF5-BCCF-65742D50CF7E}.Release|Any CPU.Build.0 = Release|Any CPU
		{87A06C80-71ED-4DF5-BCCF-65742D50CF7E}.Release|x64.ActiveCfg = Release|Any CPU
		{87A06C80-71ED-4DF5-BCCF-65742D50CF7E}.Release|x64.Build.0 = Release|Any CPU
		{87A06C80-71ED-4DF5-BCCF-65742D50CF7E}.Release|x86.ActiveCfg = Release|Any CPU
		{87A06C80-71ED-4DF5-BCCF-65742D50CF7E}.Release|x86.Build.0 = Release|Any CPU
	EndGlobalSection
	GlobalSection(NestedProjects) = preSolution
		{83B85312-2D79-4121-8BD7-97A9BFADA8BB} = {9C914E7A-631E-475D-84CC-D6598E6F7B64}
		{E4057BAD-CE65-44A8-A2A9-9B574B90D935} = {83B85312-2D79-4121-8BD7-97A9BFADA8BB}
		{0AFE66C3-7937-4EC2-8D34-A978DA2B7032} = {65EBB414-4CDF-402D-8B3B-3FAAF438C037}
		{FB1E943F-50E7-49AB-B482-7957A1812B99} = {0AFE66C3-7937-4EC2-8D34-A978DA2B7032}
		{173B6BE2-4AFB-4C25-9376-0BD5D93ACC2B} = {043938FC-9D81-4E68-8C0A-E0F854ED1166}
		{4042A592-3843-4C0F-B691-025439CF6E68} = {173B6BE2-4AFB-4C25-9376-0BD5D93ACC2B}
		{C01656FA-4ECF-48F5-B29C-2BF5BE10CD97} = {305623A3-0803-44CA-9B74-BFA4EA498ADE}
		{ECC3DDBA-3F50-43DA-A4FD-58120D8659A7} = {C01656FA-4ECF-48F5-B29C-2BF5BE10CD97}
		{1B5A34FB-D322-40C2-B040-16CA6A405DA3} = {C01656FA-4ECF-48F5-B29C-2BF5BE10CD97}
		{4BB38609-F31E-4AD4-9F9B-F394E1C575C5} = {C01656FA-4ECF-48F5-B29C-2BF5BE10CD97}
		{91746866-B58C-48BB-880C-F4ACAFA8F3CD} = {C01656FA-4ECF-48F5-B29C-2BF5BE10CD97}
		{3EEC2A9C-645E-4773-874E-A0FC867E1417} = {C01656FA-4ECF-48F5-B29C-2BF5BE10CD97}
		{F11ED95E-4FB9-4AED-8738-F0C65867EAE5} = {C01656FA-4ECF-48F5-B29C-2BF5BE10CD97}
		{87A06C80-71ED-4DF5-BCCF-65742D50CF7E} = {C01656FA-4ECF-48F5-B29C-2BF5BE10CD97}
	EndGlobalSection
EndGlobal
