
Microsoft Visual Studio Solution File, Format Version 12.00
# Visual Studio 15
VisualStudioVersion = 15.0.26124.0
MinimumVisualStudioVersion = 15.0.26124.0
Project("{2150E333-8FDC-42A3-9474-1A3956D46DE8}") = "core", "core", "{65EBB414-4CDF-402D-8B3B-3FAAF438C037}"
EndProject
Project("{2150E333-8FDC-42A3-9474-1A3956D46DE8}") = "src", "src", "{0AFE66C3-7937-4EC2-8D34-A978DA2B7032}"
EndProject
Project("{FAE04EC0-301F-11D3-BF4B-00C04F79EFBC}") = "neo", "core\src\neo\neo.csproj", "{FB1E943F-50E7-49AB-B482-7957A1812B99}"
EndProject
Project("{2150E333-8FDC-42A3-9474-1A3956D46DE8}") = "modules", "modules", "{305623A3-0803-44CA-9B74-BFA4EA498ADE}"
EndProject
Project("{2150E333-8FDC-42A3-9474-1A3956D46DE8}") = "src", "src", "{C01656FA-4ECF-48F5-B29C-2BF5BE10CD97}"
EndProject
Project("{FAE04EC0-301F-11D3-BF4B-00C04F79EFBC}") = "RpcClient", "modules\src\RpcClient\RpcClient.csproj", "{ECC3DDBA-3F50-43DA-A4FD-58120D8659A7}"
EndProject
Project("{FAE04EC0-301F-11D3-BF4B-00C04F79EFBC}") = "RpcServer", "modules\src\RpcServer\RpcServer.csproj", "{1B5A34FB-D322-40C2-B040-16CA6A405DA3}"
EndProject
Project("{FAE04EC0-301F-11D3-BF4B-00C04F79EFBC}") = "ApplicationLogs", "modules\src\ApplicationLogs\ApplicationLogs.csproj", "{4BB38609-F31E-4AD4-9F9B-F394E1C575C5}"
EndProject
Project("{FAE04EC0-301F-11D3-BF4B-00C04F79EFBC}") = "LevelDBStore", "modules\src\LevelDBStore\LevelDBStore.csproj", "{91746866-B58C-48BB-880C-F4ACAFA8F3CD}"
EndProject
Project("{FAE04EC0-301F-11D3-BF4B-00C04F79EFBC}") = "RocksDBStore", "modules\src\RocksDBStore\RocksDBStore.csproj", "{3EEC2A9C-645E-4773-874E-A0FC867E1417}"
EndProject
Project("{FAE04EC0-301F-11D3-BF4B-00C04F79EFBC}") = "StatesDumper", "modules\src\StatesDumper\StatesDumper.csproj", "{87A06C80-71ED-4DF5-BCCF-65742D50CF7E}"
EndProject
Project("{2150E333-8FDC-42A3-9474-1A3956D46DE8}") = "node", "node", "{1B388F88-2327-45E5-A4F2-D64F38968A3A}"
EndProject
Project("{FAE04EC0-301F-11D3-BF4B-00C04F79EFBC}") = "Neo.ConsoleService", "node\Neo.ConsoleService\Neo.ConsoleService.csproj", "{0FDD04B8-D4FB-4BA0-AC5B-20AA72347E20}"
EndProject
Project("{FAE04EC0-301F-11D3-BF4B-00C04F79EFBC}") = "neo-cli", "node\neo-cli\neo-cli.csproj", "{EE1EF5FC-82CC-41E8-B3C8-79063C6A30D9}"
EndProject
Project("{2150E333-8FDC-42A3-9474-1A3956D46DE8}") = "vm", "vm", "{39CB4142-7C28-458B-A06F-C250C3C53865}"
EndProject
Project("{2150E333-8FDC-42A3-9474-1A3956D46DE8}") = "src", "src", "{4A639F2E-64BF-441A-A1D8-B9832A5C94EB}"
EndProject
Project("{FAE04EC0-301F-11D3-BF4B-00C04F79EFBC}") = "neo-vm", "vm\src\neo-vm\neo-vm.csproj", "{63C148C8-7B4F-486F-8993-02774DD90075}"
EndProject
Project("{FAE04EC0-301F-11D3-BF4B-00C04F79EFBC}") = "StateService", "modules\src\StateService\StateService.csproj", "{B3BDCA69-20BA-4A77-9B06-F03F7348099B}"
EndProject
Project("{FAE04EC0-301F-11D3-BF4B-00C04F79EFBC}") = "RpcNep17Tracker", "modules\src\RpcNep17Tracker\RpcNep17Tracker.csproj", "{D7232E6C-DCA1-4CF9-9A6F-7C799C374BCF}"
EndProject
Project("{2150E333-8FDC-42A3-9474-1A3956D46DE8}") = "devpack", "devpack", "{41661FA3-C0D4-4729-A517-3EDFBB17DF9C}"
EndProject
Project("{2150E333-8FDC-42A3-9474-1A3956D46DE8}") = "src", "src", "{DCA13C1B-5D2A-4C41-95DD-ECCD6A78C530}"
EndProject
Project("{FAE04EC0-301F-11D3-BF4B-00C04F79EFBC}") = "Neo.Compiler.CSharp", "devpack\src\Neo.Compiler.CSharp\Neo.Compiler.CSharp.csproj", "{28F63879-8D48-4895-833A-8BBF85AF3FFC}"
EndProject
Project("{FAE04EC0-301F-11D3-BF4B-00C04F79EFBC}") = "Neo.SmartContract.Framework", "devpack\src\Neo.SmartContract.Framework\Neo.SmartContract.Framework.csproj", "{0D360864-4CED-4213-BE81-8B727BC2900F}"
EndProject
Project("{2150E333-8FDC-42A3-9474-1A3956D46DE8}") = "devpack-msil", "devpack-msil", "{1480FE7A-F0D3-4F7C-A2EB-474F23D76EC2}"
EndProject
Project("{2150E333-8FDC-42A3-9474-1A3956D46DE8}") = "src", "src", "{A7B78B35-C28E-445B-B040-88D0D286D2BA}"
EndProject
Project("{FAE04EC0-301F-11D3-BF4B-00C04F79EFBC}") = "Neo.Compiler.MSIL", "devpack-msil\src\Neo.Compiler.MSIL\Neo.Compiler.MSIL.csproj", "{61325595-D636-45E7-A7DB-CAA184A589DB}"
EndProject
Project("{FAE04EC0-301F-11D3-BF4B-00C04F79EFBC}") = "Neo.SmartContract.Framework", "devpack-msil\src\Neo.SmartContract.Framework\Neo.SmartContract.Framework.csproj", "{BDB9B98F-7697-49FF-BF18-01790F5A0627}"
EndProject
Project("{FAE04EC0-301F-11D3-BF4B-00C04F79EFBC}") = "DBFTPlugin", "modules\src\DBFTPlugin\DBFTPlugin.csproj", "{50F751C2-BABB-4764-AB69-4FEEBE70582F}"
EndProject
Project("{FAE04EC0-301F-11D3-BF4B-00C04F79EFBC}") = "OracleService", "modules\src\OracleService\OracleService.csproj", "{0B0E64DB-0946-4CD3-9129-0E4BD973E815}"
EndProject
Global
	GlobalSection(SolutionConfigurationPlatforms) = preSolution
		Debug|Any CPU = Debug|Any CPU
		Debug|x64 = Debug|x64
		Debug|x86 = Debug|x86
		Release|Any CPU = Release|Any CPU
		Release|x64 = Release|x64
		Release|x86 = Release|x86
	EndGlobalSection
	GlobalSection(SolutionProperties) = preSolution
		HideSolutionNode = FALSE
	EndGlobalSection
	GlobalSection(ProjectConfigurationPlatforms) = postSolution
		{FB1E943F-50E7-49AB-B482-7957A1812B99}.Debug|Any CPU.ActiveCfg = Debug|Any CPU
		{FB1E943F-50E7-49AB-B482-7957A1812B99}.Debug|Any CPU.Build.0 = Debug|Any CPU
		{FB1E943F-50E7-49AB-B482-7957A1812B99}.Debug|x64.ActiveCfg = Debug|Any CPU
		{FB1E943F-50E7-49AB-B482-7957A1812B99}.Debug|x64.Build.0 = Debug|Any CPU
		{FB1E943F-50E7-49AB-B482-7957A1812B99}.Debug|x86.ActiveCfg = Debug|Any CPU
		{FB1E943F-50E7-49AB-B482-7957A1812B99}.Debug|x86.Build.0 = Debug|Any CPU
		{FB1E943F-50E7-49AB-B482-7957A1812B99}.Release|Any CPU.ActiveCfg = Release|Any CPU
		{FB1E943F-50E7-49AB-B482-7957A1812B99}.Release|Any CPU.Build.0 = Release|Any CPU
		{FB1E943F-50E7-49AB-B482-7957A1812B99}.Release|x64.ActiveCfg = Release|Any CPU
		{FB1E943F-50E7-49AB-B482-7957A1812B99}.Release|x64.Build.0 = Release|Any CPU
		{FB1E943F-50E7-49AB-B482-7957A1812B99}.Release|x86.ActiveCfg = Release|Any CPU
		{FB1E943F-50E7-49AB-B482-7957A1812B99}.Release|x86.Build.0 = Release|Any CPU
		{ECC3DDBA-3F50-43DA-A4FD-58120D8659A7}.Debug|Any CPU.ActiveCfg = Debug|Any CPU
		{ECC3DDBA-3F50-43DA-A4FD-58120D8659A7}.Debug|Any CPU.Build.0 = Debug|Any CPU
		{ECC3DDBA-3F50-43DA-A4FD-58120D8659A7}.Debug|x64.ActiveCfg = Debug|Any CPU
		{ECC3DDBA-3F50-43DA-A4FD-58120D8659A7}.Debug|x64.Build.0 = Debug|Any CPU
		{ECC3DDBA-3F50-43DA-A4FD-58120D8659A7}.Debug|x86.ActiveCfg = Debug|Any CPU
		{ECC3DDBA-3F50-43DA-A4FD-58120D8659A7}.Debug|x86.Build.0 = Debug|Any CPU
		{ECC3DDBA-3F50-43DA-A4FD-58120D8659A7}.Release|Any CPU.ActiveCfg = Release|Any CPU
		{ECC3DDBA-3F50-43DA-A4FD-58120D8659A7}.Release|Any CPU.Build.0 = Release|Any CPU
		{ECC3DDBA-3F50-43DA-A4FD-58120D8659A7}.Release|x64.ActiveCfg = Release|Any CPU
		{ECC3DDBA-3F50-43DA-A4FD-58120D8659A7}.Release|x64.Build.0 = Release|Any CPU
		{ECC3DDBA-3F50-43DA-A4FD-58120D8659A7}.Release|x86.ActiveCfg = Release|Any CPU
		{ECC3DDBA-3F50-43DA-A4FD-58120D8659A7}.Release|x86.Build.0 = Release|Any CPU
		{1B5A34FB-D322-40C2-B040-16CA6A405DA3}.Debug|Any CPU.ActiveCfg = Debug|Any CPU
		{1B5A34FB-D322-40C2-B040-16CA6A405DA3}.Debug|Any CPU.Build.0 = Debug|Any CPU
		{1B5A34FB-D322-40C2-B040-16CA6A405DA3}.Debug|x64.ActiveCfg = Debug|Any CPU
		{1B5A34FB-D322-40C2-B040-16CA6A405DA3}.Debug|x64.Build.0 = Debug|Any CPU
		{1B5A34FB-D322-40C2-B040-16CA6A405DA3}.Debug|x86.ActiveCfg = Debug|Any CPU
		{1B5A34FB-D322-40C2-B040-16CA6A405DA3}.Debug|x86.Build.0 = Debug|Any CPU
		{1B5A34FB-D322-40C2-B040-16CA6A405DA3}.Release|Any CPU.ActiveCfg = Release|Any CPU
		{1B5A34FB-D322-40C2-B040-16CA6A405DA3}.Release|Any CPU.Build.0 = Release|Any CPU
		{1B5A34FB-D322-40C2-B040-16CA6A405DA3}.Release|x64.ActiveCfg = Release|Any CPU
		{1B5A34FB-D322-40C2-B040-16CA6A405DA3}.Release|x64.Build.0 = Release|Any CPU
		{1B5A34FB-D322-40C2-B040-16CA6A405DA3}.Release|x86.ActiveCfg = Release|Any CPU
		{1B5A34FB-D322-40C2-B040-16CA6A405DA3}.Release|x86.Build.0 = Release|Any CPU
		{4BB38609-F31E-4AD4-9F9B-F394E1C575C5}.Debug|Any CPU.ActiveCfg = Debug|Any CPU
		{4BB38609-F31E-4AD4-9F9B-F394E1C575C5}.Debug|Any CPU.Build.0 = Debug|Any CPU
		{4BB38609-F31E-4AD4-9F9B-F394E1C575C5}.Debug|x64.ActiveCfg = Debug|Any CPU
		{4BB38609-F31E-4AD4-9F9B-F394E1C575C5}.Debug|x64.Build.0 = Debug|Any CPU
		{4BB38609-F31E-4AD4-9F9B-F394E1C575C5}.Debug|x86.ActiveCfg = Debug|Any CPU
		{4BB38609-F31E-4AD4-9F9B-F394E1C575C5}.Debug|x86.Build.0 = Debug|Any CPU
		{4BB38609-F31E-4AD4-9F9B-F394E1C575C5}.Release|Any CPU.ActiveCfg = Release|Any CPU
		{4BB38609-F31E-4AD4-9F9B-F394E1C575C5}.Release|Any CPU.Build.0 = Release|Any CPU
		{4BB38609-F31E-4AD4-9F9B-F394E1C575C5}.Release|x64.ActiveCfg = Release|Any CPU
		{4BB38609-F31E-4AD4-9F9B-F394E1C575C5}.Release|x64.Build.0 = Release|Any CPU
		{4BB38609-F31E-4AD4-9F9B-F394E1C575C5}.Release|x86.ActiveCfg = Release|Any CPU
		{4BB38609-F31E-4AD4-9F9B-F394E1C575C5}.Release|x86.Build.0 = Release|Any CPU
		{91746866-B58C-48BB-880C-F4ACAFA8F3CD}.Debug|Any CPU.ActiveCfg = Debug|Any CPU
		{91746866-B58C-48BB-880C-F4ACAFA8F3CD}.Debug|Any CPU.Build.0 = Debug|Any CPU
		{91746866-B58C-48BB-880C-F4ACAFA8F3CD}.Debug|x64.ActiveCfg = Debug|Any CPU
		{91746866-B58C-48BB-880C-F4ACAFA8F3CD}.Debug|x64.Build.0 = Debug|Any CPU
		{91746866-B58C-48BB-880C-F4ACAFA8F3CD}.Debug|x86.ActiveCfg = Debug|Any CPU
		{91746866-B58C-48BB-880C-F4ACAFA8F3CD}.Debug|x86.Build.0 = Debug|Any CPU
		{91746866-B58C-48BB-880C-F4ACAFA8F3CD}.Release|Any CPU.ActiveCfg = Release|Any CPU
		{91746866-B58C-48BB-880C-F4ACAFA8F3CD}.Release|Any CPU.Build.0 = Release|Any CPU
		{91746866-B58C-48BB-880C-F4ACAFA8F3CD}.Release|x64.ActiveCfg = Release|Any CPU
		{91746866-B58C-48BB-880C-F4ACAFA8F3CD}.Release|x64.Build.0 = Release|Any CPU
		{91746866-B58C-48BB-880C-F4ACAFA8F3CD}.Release|x86.ActiveCfg = Release|Any CPU
		{91746866-B58C-48BB-880C-F4ACAFA8F3CD}.Release|x86.Build.0 = Release|Any CPU
		{3EEC2A9C-645E-4773-874E-A0FC867E1417}.Debug|Any CPU.ActiveCfg = Debug|Any CPU
		{3EEC2A9C-645E-4773-874E-A0FC867E1417}.Debug|Any CPU.Build.0 = Debug|Any CPU
		{3EEC2A9C-645E-4773-874E-A0FC867E1417}.Debug|x64.ActiveCfg = Debug|Any CPU
		{3EEC2A9C-645E-4773-874E-A0FC867E1417}.Debug|x64.Build.0 = Debug|Any CPU
		{3EEC2A9C-645E-4773-874E-A0FC867E1417}.Debug|x86.ActiveCfg = Debug|Any CPU
		{3EEC2A9C-645E-4773-874E-A0FC867E1417}.Debug|x86.Build.0 = Debug|Any CPU
		{3EEC2A9C-645E-4773-874E-A0FC867E1417}.Release|Any CPU.ActiveCfg = Release|Any CPU
		{3EEC2A9C-645E-4773-874E-A0FC867E1417}.Release|Any CPU.Build.0 = Release|Any CPU
		{3EEC2A9C-645E-4773-874E-A0FC867E1417}.Release|x64.ActiveCfg = Release|Any CPU
		{3EEC2A9C-645E-4773-874E-A0FC867E1417}.Release|x64.Build.0 = Release|Any CPU
		{3EEC2A9C-645E-4773-874E-A0FC867E1417}.Release|x86.ActiveCfg = Release|Any CPU
		{3EEC2A9C-645E-4773-874E-A0FC867E1417}.Release|x86.Build.0 = Release|Any CPU
		{87A06C80-71ED-4DF5-BCCF-65742D50CF7E}.Debug|Any CPU.ActiveCfg = Debug|Any CPU
		{87A06C80-71ED-4DF5-BCCF-65742D50CF7E}.Debug|Any CPU.Build.0 = Debug|Any CPU
		{87A06C80-71ED-4DF5-BCCF-65742D50CF7E}.Debug|x64.ActiveCfg = Debug|Any CPU
		{87A06C80-71ED-4DF5-BCCF-65742D50CF7E}.Debug|x64.Build.0 = Debug|Any CPU
		{87A06C80-71ED-4DF5-BCCF-65742D50CF7E}.Debug|x86.ActiveCfg = Debug|Any CPU
		{87A06C80-71ED-4DF5-BCCF-65742D50CF7E}.Debug|x86.Build.0 = Debug|Any CPU
		{87A06C80-71ED-4DF5-BCCF-65742D50CF7E}.Release|Any CPU.ActiveCfg = Release|Any CPU
		{87A06C80-71ED-4DF5-BCCF-65742D50CF7E}.Release|Any CPU.Build.0 = Release|Any CPU
		{87A06C80-71ED-4DF5-BCCF-65742D50CF7E}.Release|x64.ActiveCfg = Release|Any CPU
		{87A06C80-71ED-4DF5-BCCF-65742D50CF7E}.Release|x64.Build.0 = Release|Any CPU
		{87A06C80-71ED-4DF5-BCCF-65742D50CF7E}.Release|x86.ActiveCfg = Release|Any CPU
		{87A06C80-71ED-4DF5-BCCF-65742D50CF7E}.Release|x86.Build.0 = Release|Any CPU
		{0FDD04B8-D4FB-4BA0-AC5B-20AA72347E20}.Debug|Any CPU.ActiveCfg = Debug|Any CPU
		{0FDD04B8-D4FB-4BA0-AC5B-20AA72347E20}.Debug|Any CPU.Build.0 = Debug|Any CPU
		{0FDD04B8-D4FB-4BA0-AC5B-20AA72347E20}.Debug|x64.ActiveCfg = Debug|Any CPU
		{0FDD04B8-D4FB-4BA0-AC5B-20AA72347E20}.Debug|x64.Build.0 = Debug|Any CPU
		{0FDD04B8-D4FB-4BA0-AC5B-20AA72347E20}.Debug|x86.ActiveCfg = Debug|Any CPU
		{0FDD04B8-D4FB-4BA0-AC5B-20AA72347E20}.Debug|x86.Build.0 = Debug|Any CPU
		{0FDD04B8-D4FB-4BA0-AC5B-20AA72347E20}.Release|Any CPU.ActiveCfg = Release|Any CPU
		{0FDD04B8-D4FB-4BA0-AC5B-20AA72347E20}.Release|Any CPU.Build.0 = Release|Any CPU
		{0FDD04B8-D4FB-4BA0-AC5B-20AA72347E20}.Release|x64.ActiveCfg = Release|Any CPU
		{0FDD04B8-D4FB-4BA0-AC5B-20AA72347E20}.Release|x64.Build.0 = Release|Any CPU
		{0FDD04B8-D4FB-4BA0-AC5B-20AA72347E20}.Release|x86.ActiveCfg = Release|Any CPU
		{0FDD04B8-D4FB-4BA0-AC5B-20AA72347E20}.Release|x86.Build.0 = Release|Any CPU
		{EE1EF5FC-82CC-41E8-B3C8-79063C6A30D9}.Debug|Any CPU.ActiveCfg = Debug|Any CPU
		{EE1EF5FC-82CC-41E8-B3C8-79063C6A30D9}.Debug|Any CPU.Build.0 = Debug|Any CPU
		{EE1EF5FC-82CC-41E8-B3C8-79063C6A30D9}.Debug|x64.ActiveCfg = Debug|Any CPU
		{EE1EF5FC-82CC-41E8-B3C8-79063C6A30D9}.Debug|x64.Build.0 = Debug|Any CPU
		{EE1EF5FC-82CC-41E8-B3C8-79063C6A30D9}.Debug|x86.ActiveCfg = Debug|Any CPU
		{EE1EF5FC-82CC-41E8-B3C8-79063C6A30D9}.Debug|x86.Build.0 = Debug|Any CPU
		{EE1EF5FC-82CC-41E8-B3C8-79063C6A30D9}.Release|Any CPU.ActiveCfg = Release|Any CPU
		{EE1EF5FC-82CC-41E8-B3C8-79063C6A30D9}.Release|Any CPU.Build.0 = Release|Any CPU
		{EE1EF5FC-82CC-41E8-B3C8-79063C6A30D9}.Release|x64.ActiveCfg = Release|Any CPU
		{EE1EF5FC-82CC-41E8-B3C8-79063C6A30D9}.Release|x64.Build.0 = Release|Any CPU
		{EE1EF5FC-82CC-41E8-B3C8-79063C6A30D9}.Release|x86.ActiveCfg = Release|Any CPU
		{EE1EF5FC-82CC-41E8-B3C8-79063C6A30D9}.Release|x86.Build.0 = Release|Any CPU
		{63C148C8-7B4F-486F-8993-02774DD90075}.Debug|Any CPU.ActiveCfg = Debug|Any CPU
		{63C148C8-7B4F-486F-8993-02774DD90075}.Debug|Any CPU.Build.0 = Debug|Any CPU
		{63C148C8-7B4F-486F-8993-02774DD90075}.Debug|x64.ActiveCfg = Debug|Any CPU
		{63C148C8-7B4F-486F-8993-02774DD90075}.Debug|x64.Build.0 = Debug|Any CPU
		{63C148C8-7B4F-486F-8993-02774DD90075}.Debug|x86.ActiveCfg = Debug|Any CPU
		{63C148C8-7B4F-486F-8993-02774DD90075}.Debug|x86.Build.0 = Debug|Any CPU
		{63C148C8-7B4F-486F-8993-02774DD90075}.Release|Any CPU.ActiveCfg = Release|Any CPU
		{63C148C8-7B4F-486F-8993-02774DD90075}.Release|Any CPU.Build.0 = Release|Any CPU
		{63C148C8-7B4F-486F-8993-02774DD90075}.Release|x64.ActiveCfg = Release|Any CPU
		{63C148C8-7B4F-486F-8993-02774DD90075}.Release|x64.Build.0 = Release|Any CPU
		{63C148C8-7B4F-486F-8993-02774DD90075}.Release|x86.ActiveCfg = Release|Any CPU
		{63C148C8-7B4F-486F-8993-02774DD90075}.Release|x86.Build.0 = Release|Any CPU
		{B3BDCA69-20BA-4A77-9B06-F03F7348099B}.Debug|Any CPU.ActiveCfg = Debug|Any CPU
		{B3BDCA69-20BA-4A77-9B06-F03F7348099B}.Debug|Any CPU.Build.0 = Debug|Any CPU
		{B3BDCA69-20BA-4A77-9B06-F03F7348099B}.Debug|x64.ActiveCfg = Debug|Any CPU
		{B3BDCA69-20BA-4A77-9B06-F03F7348099B}.Debug|x64.Build.0 = Debug|Any CPU
		{B3BDCA69-20BA-4A77-9B06-F03F7348099B}.Debug|x86.ActiveCfg = Debug|Any CPU
		{B3BDCA69-20BA-4A77-9B06-F03F7348099B}.Debug|x86.Build.0 = Debug|Any CPU
		{B3BDCA69-20BA-4A77-9B06-F03F7348099B}.Release|Any CPU.ActiveCfg = Release|Any CPU
		{B3BDCA69-20BA-4A77-9B06-F03F7348099B}.Release|Any CPU.Build.0 = Release|Any CPU
		{B3BDCA69-20BA-4A77-9B06-F03F7348099B}.Release|x64.ActiveCfg = Release|Any CPU
		{B3BDCA69-20BA-4A77-9B06-F03F7348099B}.Release|x64.Build.0 = Release|Any CPU
		{B3BDCA69-20BA-4A77-9B06-F03F7348099B}.Release|x86.ActiveCfg = Release|Any CPU
		{B3BDCA69-20BA-4A77-9B06-F03F7348099B}.Release|x86.Build.0 = Release|Any CPU
		{D7232E6C-DCA1-4CF9-9A6F-7C799C374BCF}.Debug|Any CPU.ActiveCfg = Debug|Any CPU
		{D7232E6C-DCA1-4CF9-9A6F-7C799C374BCF}.Debug|Any CPU.Build.0 = Debug|Any CPU
		{D7232E6C-DCA1-4CF9-9A6F-7C799C374BCF}.Debug|x64.ActiveCfg = Debug|Any CPU
		{D7232E6C-DCA1-4CF9-9A6F-7C799C374BCF}.Debug|x64.Build.0 = Debug|Any CPU
		{D7232E6C-DCA1-4CF9-9A6F-7C799C374BCF}.Debug|x86.ActiveCfg = Debug|Any CPU
		{D7232E6C-DCA1-4CF9-9A6F-7C799C374BCF}.Debug|x86.Build.0 = Debug|Any CPU
		{D7232E6C-DCA1-4CF9-9A6F-7C799C374BCF}.Release|Any CPU.ActiveCfg = Release|Any CPU
		{D7232E6C-DCA1-4CF9-9A6F-7C799C374BCF}.Release|Any CPU.Build.0 = Release|Any CPU
		{D7232E6C-DCA1-4CF9-9A6F-7C799C374BCF}.Release|x64.ActiveCfg = Release|Any CPU
		{D7232E6C-DCA1-4CF9-9A6F-7C799C374BCF}.Release|x64.Build.0 = Release|Any CPU
		{D7232E6C-DCA1-4CF9-9A6F-7C799C374BCF}.Release|x86.ActiveCfg = Release|Any CPU
		{D7232E6C-DCA1-4CF9-9A6F-7C799C374BCF}.Release|x86.Build.0 = Release|Any CPU
		{28F63879-8D48-4895-833A-8BBF85AF3FFC}.Debug|Any CPU.ActiveCfg = Debug|Any CPU
		{28F63879-8D48-4895-833A-8BBF85AF3FFC}.Debug|Any CPU.Build.0 = Debug|Any CPU
		{28F63879-8D48-4895-833A-8BBF85AF3FFC}.Debug|x64.ActiveCfg = Debug|Any CPU
		{28F63879-8D48-4895-833A-8BBF85AF3FFC}.Debug|x64.Build.0 = Debug|Any CPU
		{28F63879-8D48-4895-833A-8BBF85AF3FFC}.Debug|x86.ActiveCfg = Debug|Any CPU
		{28F63879-8D48-4895-833A-8BBF85AF3FFC}.Debug|x86.Build.0 = Debug|Any CPU
		{28F63879-8D48-4895-833A-8BBF85AF3FFC}.Release|Any CPU.ActiveCfg = Release|Any CPU
		{28F63879-8D48-4895-833A-8BBF85AF3FFC}.Release|Any CPU.Build.0 = Release|Any CPU
		{28F63879-8D48-4895-833A-8BBF85AF3FFC}.Release|x64.ActiveCfg = Release|Any CPU
		{28F63879-8D48-4895-833A-8BBF85AF3FFC}.Release|x64.Build.0 = Release|Any CPU
		{28F63879-8D48-4895-833A-8BBF85AF3FFC}.Release|x86.ActiveCfg = Release|Any CPU
		{28F63879-8D48-4895-833A-8BBF85AF3FFC}.Release|x86.Build.0 = Release|Any CPU
		{0D360864-4CED-4213-BE81-8B727BC2900F}.Debug|Any CPU.ActiveCfg = Debug|Any CPU
		{0D360864-4CED-4213-BE81-8B727BC2900F}.Debug|Any CPU.Build.0 = Debug|Any CPU
		{0D360864-4CED-4213-BE81-8B727BC2900F}.Debug|x64.ActiveCfg = Debug|Any CPU
		{0D360864-4CED-4213-BE81-8B727BC2900F}.Debug|x64.Build.0 = Debug|Any CPU
		{0D360864-4CED-4213-BE81-8B727BC2900F}.Debug|x86.ActiveCfg = Debug|Any CPU
		{0D360864-4CED-4213-BE81-8B727BC2900F}.Debug|x86.Build.0 = Debug|Any CPU
		{0D360864-4CED-4213-BE81-8B727BC2900F}.Release|Any CPU.ActiveCfg = Release|Any CPU
		{0D360864-4CED-4213-BE81-8B727BC2900F}.Release|Any CPU.Build.0 = Release|Any CPU
		{0D360864-4CED-4213-BE81-8B727BC2900F}.Release|x64.ActiveCfg = Release|Any CPU
		{0D360864-4CED-4213-BE81-8B727BC2900F}.Release|x64.Build.0 = Release|Any CPU
		{0D360864-4CED-4213-BE81-8B727BC2900F}.Release|x86.ActiveCfg = Release|Any CPU
		{0D360864-4CED-4213-BE81-8B727BC2900F}.Release|x86.Build.0 = Release|Any CPU
		{61325595-D636-45E7-A7DB-CAA184A589DB}.Debug|Any CPU.ActiveCfg = Debug|Any CPU
		{61325595-D636-45E7-A7DB-CAA184A589DB}.Debug|Any CPU.Build.0 = Debug|Any CPU
		{61325595-D636-45E7-A7DB-CAA184A589DB}.Debug|x64.ActiveCfg = Debug|Any CPU
		{61325595-D636-45E7-A7DB-CAA184A589DB}.Debug|x64.Build.0 = Debug|Any CPU
		{61325595-D636-45E7-A7DB-CAA184A589DB}.Debug|x86.ActiveCfg = Debug|Any CPU
		{61325595-D636-45E7-A7DB-CAA184A589DB}.Debug|x86.Build.0 = Debug|Any CPU
		{61325595-D636-45E7-A7DB-CAA184A589DB}.Release|Any CPU.ActiveCfg = Release|Any CPU
		{61325595-D636-45E7-A7DB-CAA184A589DB}.Release|Any CPU.Build.0 = Release|Any CPU
		{61325595-D636-45E7-A7DB-CAA184A589DB}.Release|x64.ActiveCfg = Release|Any CPU
		{61325595-D636-45E7-A7DB-CAA184A589DB}.Release|x64.Build.0 = Release|Any CPU
		{61325595-D636-45E7-A7DB-CAA184A589DB}.Release|x86.ActiveCfg = Release|Any CPU
		{61325595-D636-45E7-A7DB-CAA184A589DB}.Release|x86.Build.0 = Release|Any CPU
		{BDB9B98F-7697-49FF-BF18-01790F5A0627}.Debug|Any CPU.ActiveCfg = Debug|Any CPU
		{BDB9B98F-7697-49FF-BF18-01790F5A0627}.Debug|Any CPU.Build.0 = Debug|Any CPU
		{BDB9B98F-7697-49FF-BF18-01790F5A0627}.Debug|x64.ActiveCfg = Debug|Any CPU
		{BDB9B98F-7697-49FF-BF18-01790F5A0627}.Debug|x64.Build.0 = Debug|Any CPU
		{BDB9B98F-7697-49FF-BF18-01790F5A0627}.Debug|x86.ActiveCfg = Debug|Any CPU
		{BDB9B98F-7697-49FF-BF18-01790F5A0627}.Debug|x86.Build.0 = Debug|Any CPU
		{BDB9B98F-7697-49FF-BF18-01790F5A0627}.Release|Any CPU.ActiveCfg = Release|Any CPU
		{BDB9B98F-7697-49FF-BF18-01790F5A0627}.Release|Any CPU.Build.0 = Release|Any CPU
		{BDB9B98F-7697-49FF-BF18-01790F5A0627}.Release|x64.ActiveCfg = Release|Any CPU
		{BDB9B98F-7697-49FF-BF18-01790F5A0627}.Release|x64.Build.0 = Release|Any CPU
		{BDB9B98F-7697-49FF-BF18-01790F5A0627}.Release|x86.ActiveCfg = Release|Any CPU
		{BDB9B98F-7697-49FF-BF18-01790F5A0627}.Release|x86.Build.0 = Release|Any CPU
		{50F751C2-BABB-4764-AB69-4FEEBE70582F}.Debug|Any CPU.ActiveCfg = Debug|Any CPU
		{50F751C2-BABB-4764-AB69-4FEEBE70582F}.Debug|Any CPU.Build.0 = Debug|Any CPU
		{50F751C2-BABB-4764-AB69-4FEEBE70582F}.Debug|x64.ActiveCfg = Debug|Any CPU
		{50F751C2-BABB-4764-AB69-4FEEBE70582F}.Debug|x64.Build.0 = Debug|Any CPU
		{50F751C2-BABB-4764-AB69-4FEEBE70582F}.Debug|x86.ActiveCfg = Debug|Any CPU
		{50F751C2-BABB-4764-AB69-4FEEBE70582F}.Debug|x86.Build.0 = Debug|Any CPU
		{50F751C2-BABB-4764-AB69-4FEEBE70582F}.Release|Any CPU.ActiveCfg = Release|Any CPU
		{50F751C2-BABB-4764-AB69-4FEEBE70582F}.Release|Any CPU.Build.0 = Release|Any CPU
		{50F751C2-BABB-4764-AB69-4FEEBE70582F}.Release|x64.ActiveCfg = Release|Any CPU
		{50F751C2-BABB-4764-AB69-4FEEBE70582F}.Release|x64.Build.0 = Release|Any CPU
		{50F751C2-BABB-4764-AB69-4FEEBE70582F}.Release|x86.ActiveCfg = Release|Any CPU
		{50F751C2-BABB-4764-AB69-4FEEBE70582F}.Release|x86.Build.0 = Release|Any CPU
		{0B0E64DB-0946-4CD3-9129-0E4BD973E815}.Debug|Any CPU.ActiveCfg = Debug|Any CPU
		{0B0E64DB-0946-4CD3-9129-0E4BD973E815}.Debug|Any CPU.Build.0 = Debug|Any CPU
		{0B0E64DB-0946-4CD3-9129-0E4BD973E815}.Debug|x64.ActiveCfg = Debug|Any CPU
		{0B0E64DB-0946-4CD3-9129-0E4BD973E815}.Debug|x64.Build.0 = Debug|Any CPU
		{0B0E64DB-0946-4CD3-9129-0E4BD973E815}.Debug|x86.ActiveCfg = Debug|Any CPU
		{0B0E64DB-0946-4CD3-9129-0E4BD973E815}.Debug|x86.Build.0 = Debug|Any CPU
		{0B0E64DB-0946-4CD3-9129-0E4BD973E815}.Release|Any CPU.ActiveCfg = Release|Any CPU
		{0B0E64DB-0946-4CD3-9129-0E4BD973E815}.Release|Any CPU.Build.0 = Release|Any CPU
		{0B0E64DB-0946-4CD3-9129-0E4BD973E815}.Release|x64.ActiveCfg = Release|Any CPU
		{0B0E64DB-0946-4CD3-9129-0E4BD973E815}.Release|x64.Build.0 = Release|Any CPU
		{0B0E64DB-0946-4CD3-9129-0E4BD973E815}.Release|x86.ActiveCfg = Release|Any CPU
		{0B0E64DB-0946-4CD3-9129-0E4BD973E815}.Release|x86.Build.0 = Release|Any CPU
	EndGlobalSection
	GlobalSection(NestedProjects) = preSolution
		{0AFE66C3-7937-4EC2-8D34-A978DA2B7032} = {65EBB414-4CDF-402D-8B3B-3FAAF438C037}
		{FB1E943F-50E7-49AB-B482-7957A1812B99} = {0AFE66C3-7937-4EC2-8D34-A978DA2B7032}
		{C01656FA-4ECF-48F5-B29C-2BF5BE10CD97} = {305623A3-0803-44CA-9B74-BFA4EA498ADE}
		{ECC3DDBA-3F50-43DA-A4FD-58120D8659A7} = {C01656FA-4ECF-48F5-B29C-2BF5BE10CD97}
		{1B5A34FB-D322-40C2-B040-16CA6A405DA3} = {C01656FA-4ECF-48F5-B29C-2BF5BE10CD97}
		{4BB38609-F31E-4AD4-9F9B-F394E1C575C5} = {C01656FA-4ECF-48F5-B29C-2BF5BE10CD97}
		{91746866-B58C-48BB-880C-F4ACAFA8F3CD} = {C01656FA-4ECF-48F5-B29C-2BF5BE10CD97}
		{3EEC2A9C-645E-4773-874E-A0FC867E1417} = {C01656FA-4ECF-48F5-B29C-2BF5BE10CD97}
		{87A06C80-71ED-4DF5-BCCF-65742D50CF7E} = {C01656FA-4ECF-48F5-B29C-2BF5BE10CD97}
		{0FDD04B8-D4FB-4BA0-AC5B-20AA72347E20} = {1B388F88-2327-45E5-A4F2-D64F38968A3A}
		{EE1EF5FC-82CC-41E8-B3C8-79063C6A30D9} = {1B388F88-2327-45E5-A4F2-D64F38968A3A}
		{4A639F2E-64BF-441A-A1D8-B9832A5C94EB} = {39CB4142-7C28-458B-A06F-C250C3C53865}
		{63C148C8-7B4F-486F-8993-02774DD90075} = {4A639F2E-64BF-441A-A1D8-B9832A5C94EB}
		{B3BDCA69-20BA-4A77-9B06-F03F7348099B} = {C01656FA-4ECF-48F5-B29C-2BF5BE10CD97}
		{D7232E6C-DCA1-4CF9-9A6F-7C799C374BCF} = {C01656FA-4ECF-48F5-B29C-2BF5BE10CD97}
		{DCA13C1B-5D2A-4C41-95DD-ECCD6A78C530} = {41661FA3-C0D4-4729-A517-3EDFBB17DF9C}
		{28F63879-8D48-4895-833A-8BBF85AF3FFC} = {DCA13C1B-5D2A-4C41-95DD-ECCD6A78C530}
		{0D360864-4CED-4213-BE81-8B727BC2900F} = {DCA13C1B-5D2A-4C41-95DD-ECCD6A78C530}
		{A7B78B35-C28E-445B-B040-88D0D286D2BA} = {1480FE7A-F0D3-4F7C-A2EB-474F23D76EC2}
		{61325595-D636-45E7-A7DB-CAA184A589DB} = {A7B78B35-C28E-445B-B040-88D0D286D2BA}
		{BDB9B98F-7697-49FF-BF18-01790F5A0627} = {A7B78B35-C28E-445B-B040-88D0D286D2BA}
		{50F751C2-BABB-4764-AB69-4FEEBE70582F} = {C01656FA-4ECF-48F5-B29C-2BF5BE10CD97}
		{0B0E64DB-0946-4CD3-9129-0E4BD973E815} = {C01656FA-4ECF-48F5-B29C-2BF5BE10CD97}
	EndGlobalSection
EndGlobal
