
Microsoft Visual Studio Solution File, Format Version 12.00
# Visual Studio 15
VisualStudioVersion = 15.0.26124.0
MinimumVisualStudioVersion = 15.0.26124.0
Project("{FAE04EC0-301F-11D3-BF4B-00C04F79EFBC}") = "neo", "core\src\neo\neo.csproj", "{29AE86BE-4A90-411A-9FFE-76A0214B5727}"
EndProject
Project("{FAE04EC0-301F-11D3-BF4B-00C04F79EFBC}") = "neo-vm", "vm\src\neo-vm\neo-vm.csproj", "{2DB8CAB2-AD1E-447D-81EB-E0ED66EF2616}"
EndProject
Project("{FAE04EC0-301F-11D3-BF4B-00C04F79EFBC}") = "Neo.Compiler.MSIL", "devpack\src\Neo.Compiler.MSIL\Neo.Compiler.MSIL.csproj", "{C29FA8B3-D556-425C-B234-30928913B4E4}"
EndProject
Project("{FAE04EC0-301F-11D3-BF4B-00C04F79EFBC}") = "Neo.SmartContract.Framework", "devpack\src\Neo.SmartContract.Framework\Neo.SmartContract.Framework.csproj", "{E6E150DE-E270-4C83-9D2B-7C3CC049C565}"
EndProject
Project("{2150E333-8FDC-42A3-9474-1A3956D46DE8}") = "modules", "modules", "{44B7E4E6-A118-4E4F-9866-4AFA060C8862}"
EndProject
Project("{FAE04EC0-301F-11D3-BF4B-00C04F79EFBC}") = "ApplicationLogs", "modules\src\ApplicationLogs\ApplicationLogs.csproj", "{8C74184C-EC2C-4AFC-941B-D990457B45EF}"
EndProject
Project("{FAE04EC0-301F-11D3-BF4B-00C04F79EFBC}") = "LevelDBStore", "modules\src\LevelDBStore\LevelDBStore.csproj", "{E46F608C-2739-459F-93A8-A98A611D22CF}"
EndProject
Project("{FAE04EC0-301F-11D3-BF4B-00C04F79EFBC}") = "RocksDBStore", "modules\src\RocksDBStore\RocksDBStore.csproj", "{AD519847-4D45-446E-B193-6D8C8E529332}"
EndProject
Project("{FAE04EC0-301F-11D3-BF4B-00C04F79EFBC}") = "RpcClient", "modules\src\RpcClient\RpcClient.csproj", "{755F05F0-2E05-4251-B847-3F5F98AD335B}"
EndProject
Project("{FAE04EC0-301F-11D3-BF4B-00C04F79EFBC}") = "RpcNep5Tracker", "modules\src\RpcNep5Tracker\RpcNep5Tracker.csproj", "{C3EB10FA-7C53-4ADD-9FF4-93687BDC5C23}"
EndProject
Project("{FAE04EC0-301F-11D3-BF4B-00C04F79EFBC}") = "RpcServer", "modules\src\RpcServer\RpcServer.csproj", "{33FF0262-CEA2-4A13-8666-751182C989BD}"
EndProject
Project("{FAE04EC0-301F-11D3-BF4B-00C04F79EFBC}") = "StatesDumper", "modules\src\StatesDumper\StatesDumper.csproj", "{F9BF4E6E-9E27-44D4-8F17-EC7C811751BB}"
EndProject
Project("{FAE04EC0-301F-11D3-BF4B-00C04F79EFBC}") = "SystemLog", "modules\src\SystemLog\SystemLog.csproj", "{E62B49B1-8E32-4897-8A45-992F7BD8BDD6}"
EndProject
Project("{2150E333-8FDC-42A3-9474-1A3956D46DE8}") = "src", "src", "{E70EDB50-C608-11EA-8320-F18526A4E78F}"
EndProject
Project("{2150E333-8FDC-42A3-9474-1A3956D46DE8}") = "test", "test", "{1588E5C0-C609-11EA-8320-F18526A4E78F}"
EndProject
Project("{FAE04EC0-301F-11D3-BF4B-00C04F79EFBC}") = "neo-vm.Tests", "vm\tests\neo-vm.Tests\neo-vm.Tests.csproj", "{12A2E9E7-87A1-4192-9FEC-3B150BA77AA7}"
EndProject
Project("{FAE04EC0-301F-11D3-BF4B-00C04F79EFBC}") = "neo.UnitTests", "core\tests\neo.UnitTests\neo.UnitTests.csproj", "{A1183868-4CF3-449C-A631-2ED7FE31ABC1}"
EndProject
Project("{FAE04EC0-301F-11D3-BF4B-00C04F79EFBC}") = "Neo.Compiler.MSIL.UnitTests", "devpack\tests\Neo.Compiler.MSIL.UnitTests\Neo.Compiler.MSIL.UnitTests.csproj", "{3B6018DD-6C28-4600-999E-FA129BDE2221}"
EndProject
Project("{FAE04EC0-301F-11D3-BF4B-00C04F79EFBC}") = "Neo.SmartContract.Framework.UnitTests", "devpack\tests\Neo.SmartContract.Framework.UnitTests\Neo.SmartContract.Framework.UnitTests.csproj", "{A5A9E3B6-6C2E-40D8-85F6-6C82EDBB72EF}"
EndProject
Project("{FAE04EC0-301F-11D3-BF4B-00C04F79EFBC}") = "Neo.Network.RPC.Tests", "modules\tests\Neo.Network.RPC.Tests\Neo.Network.RPC.Tests.csproj", "{0C7B25C1-E347-4A9C-A8D5-78791FEC25CF}"
EndProject
Project("{FAE04EC0-301F-11D3-BF4B-00C04F79EFBC}") = "Neo.Plugins.Storage.Tests", "modules\tests\Neo.Plugins.Storage.Tests\Neo.Plugins.Storage.Tests.csproj", "{4C54A27C-7AC9-4593-BAA2-9269E421822D}"
EndProject
Global
	GlobalSection(SolutionConfigurationPlatforms) = preSolution
		Debug|Any CPU = Debug|Any CPU
		Debug|x64 = Debug|x64
		Debug|x86 = Debug|x86
		Release|Any CPU = Release|Any CPU
		Release|x64 = Release|x64
		Release|x86 = Release|x86
	EndGlobalSection
	GlobalSection(SolutionProperties) = preSolution
		HideSolutionNode = FALSE
	EndGlobalSection
	GlobalSection(ProjectConfigurationPlatforms) = postSolution
		{29AE86BE-4A90-411A-9FFE-76A0214B5727}.Debug|Any CPU.ActiveCfg = Debug|Any CPU
		{29AE86BE-4A90-411A-9FFE-76A0214B5727}.Debug|Any CPU.Build.0 = Debug|Any CPU
		{29AE86BE-4A90-411A-9FFE-76A0214B5727}.Debug|x64.ActiveCfg = Debug|Any CPU
		{29AE86BE-4A90-411A-9FFE-76A0214B5727}.Debug|x64.Build.0 = Debug|Any CPU
		{29AE86BE-4A90-411A-9FFE-76A0214B5727}.Debug|x86.ActiveCfg = Debug|Any CPU
		{29AE86BE-4A90-411A-9FFE-76A0214B5727}.Debug|x86.Build.0 = Debug|Any CPU
		{29AE86BE-4A90-411A-9FFE-76A0214B5727}.Release|Any CPU.ActiveCfg = Release|Any CPU
		{29AE86BE-4A90-411A-9FFE-76A0214B5727}.Release|Any CPU.Build.0 = Release|Any CPU
		{29AE86BE-4A90-411A-9FFE-76A0214B5727}.Release|x64.ActiveCfg = Release|Any CPU
		{29AE86BE-4A90-411A-9FFE-76A0214B5727}.Release|x64.Build.0 = Release|Any CPU
		{29AE86BE-4A90-411A-9FFE-76A0214B5727}.Release|x86.ActiveCfg = Release|Any CPU
		{29AE86BE-4A90-411A-9FFE-76A0214B5727}.Release|x86.Build.0 = Release|Any CPU
		{2DB8CAB2-AD1E-447D-81EB-E0ED66EF2616}.Debug|Any CPU.ActiveCfg = Debug|Any CPU
		{2DB8CAB2-AD1E-447D-81EB-E0ED66EF2616}.Debug|Any CPU.Build.0 = Debug|Any CPU
		{2DB8CAB2-AD1E-447D-81EB-E0ED66EF2616}.Debug|x64.ActiveCfg = Debug|Any CPU
		{2DB8CAB2-AD1E-447D-81EB-E0ED66EF2616}.Debug|x64.Build.0 = Debug|Any CPU
		{2DB8CAB2-AD1E-447D-81EB-E0ED66EF2616}.Debug|x86.ActiveCfg = Debug|Any CPU
		{2DB8CAB2-AD1E-447D-81EB-E0ED66EF2616}.Debug|x86.Build.0 = Debug|Any CPU
		{2DB8CAB2-AD1E-447D-81EB-E0ED66EF2616}.Release|Any CPU.ActiveCfg = Release|Any CPU
		{2DB8CAB2-AD1E-447D-81EB-E0ED66EF2616}.Release|Any CPU.Build.0 = Release|Any CPU
		{2DB8CAB2-AD1E-447D-81EB-E0ED66EF2616}.Release|x64.ActiveCfg = Release|Any CPU
		{2DB8CAB2-AD1E-447D-81EB-E0ED66EF2616}.Release|x64.Build.0 = Release|Any CPU
		{2DB8CAB2-AD1E-447D-81EB-E0ED66EF2616}.Release|x86.ActiveCfg = Release|Any CPU
		{2DB8CAB2-AD1E-447D-81EB-E0ED66EF2616}.Release|x86.Build.0 = Release|Any CPU
		{C29FA8B3-D556-425C-B234-30928913B4E4}.Debug|Any CPU.ActiveCfg = Debug|Any CPU
		{C29FA8B3-D556-425C-B234-30928913B4E4}.Debug|Any CPU.Build.0 = Debug|Any CPU
		{C29FA8B3-D556-425C-B234-30928913B4E4}.Debug|x64.ActiveCfg = Debug|Any CPU
		{C29FA8B3-D556-425C-B234-30928913B4E4}.Debug|x64.Build.0 = Debug|Any CPU
		{C29FA8B3-D556-425C-B234-30928913B4E4}.Debug|x86.ActiveCfg = Debug|Any CPU
		{C29FA8B3-D556-425C-B234-30928913B4E4}.Debug|x86.Build.0 = Debug|Any CPU
		{C29FA8B3-D556-425C-B234-30928913B4E4}.Release|Any CPU.ActiveCfg = Release|Any CPU
		{C29FA8B3-D556-425C-B234-30928913B4E4}.Release|Any CPU.Build.0 = Release|Any CPU
		{C29FA8B3-D556-425C-B234-30928913B4E4}.Release|x64.ActiveCfg = Release|Any CPU
		{C29FA8B3-D556-425C-B234-30928913B4E4}.Release|x64.Build.0 = Release|Any CPU
		{C29FA8B3-D556-425C-B234-30928913B4E4}.Release|x86.ActiveCfg = Release|Any CPU
		{C29FA8B3-D556-425C-B234-30928913B4E4}.Release|x86.Build.0 = Release|Any CPU
		{E6E150DE-E270-4C83-9D2B-7C3CC049C565}.Debug|Any CPU.ActiveCfg = Debug|Any CPU
		{E6E150DE-E270-4C83-9D2B-7C3CC049C565}.Debug|Any CPU.Build.0 = Debug|Any CPU
		{E6E150DE-E270-4C83-9D2B-7C3CC049C565}.Debug|x64.ActiveCfg = Debug|Any CPU
		{E6E150DE-E270-4C83-9D2B-7C3CC049C565}.Debug|x64.Build.0 = Debug|Any CPU
		{E6E150DE-E270-4C83-9D2B-7C3CC049C565}.Debug|x86.ActiveCfg = Debug|Any CPU
		{E6E150DE-E270-4C83-9D2B-7C3CC049C565}.Debug|x86.Build.0 = Debug|Any CPU
		{E6E150DE-E270-4C83-9D2B-7C3CC049C565}.Release|Any CPU.ActiveCfg = Release|Any CPU
		{E6E150DE-E270-4C83-9D2B-7C3CC049C565}.Release|Any CPU.Build.0 = Release|Any CPU
		{E6E150DE-E270-4C83-9D2B-7C3CC049C565}.Release|x64.ActiveCfg = Release|Any CPU
		{E6E150DE-E270-4C83-9D2B-7C3CC049C565}.Release|x64.Build.0 = Release|Any CPU
		{E6E150DE-E270-4C83-9D2B-7C3CC049C565}.Release|x86.ActiveCfg = Release|Any CPU
		{E6E150DE-E270-4C83-9D2B-7C3CC049C565}.Release|x86.Build.0 = Release|Any CPU
		{8C74184C-EC2C-4AFC-941B-D990457B45EF}.Debug|Any CPU.ActiveCfg = Debug|Any CPU
		{8C74184C-EC2C-4AFC-941B-D990457B45EF}.Debug|Any CPU.Build.0 = Debug|Any CPU
		{8C74184C-EC2C-4AFC-941B-D990457B45EF}.Debug|x64.ActiveCfg = Debug|Any CPU
		{8C74184C-EC2C-4AFC-941B-D990457B45EF}.Debug|x64.Build.0 = Debug|Any CPU
		{8C74184C-EC2C-4AFC-941B-D990457B45EF}.Debug|x86.ActiveCfg = Debug|Any CPU
		{8C74184C-EC2C-4AFC-941B-D990457B45EF}.Debug|x86.Build.0 = Debug|Any CPU
		{8C74184C-EC2C-4AFC-941B-D990457B45EF}.Release|Any CPU.ActiveCfg = Release|Any CPU
		{8C74184C-EC2C-4AFC-941B-D990457B45EF}.Release|Any CPU.Build.0 = Release|Any CPU
		{8C74184C-EC2C-4AFC-941B-D990457B45EF}.Release|x64.ActiveCfg = Release|Any CPU
		{8C74184C-EC2C-4AFC-941B-D990457B45EF}.Release|x64.Build.0 = Release|Any CPU
		{8C74184C-EC2C-4AFC-941B-D990457B45EF}.Release|x86.ActiveCfg = Release|Any CPU
		{8C74184C-EC2C-4AFC-941B-D990457B45EF}.Release|x86.Build.0 = Release|Any CPU
		{E46F608C-2739-459F-93A8-A98A611D22CF}.Debug|Any CPU.ActiveCfg = Debug|Any CPU
		{E46F608C-2739-459F-93A8-A98A611D22CF}.Debug|Any CPU.Build.0 = Debug|Any CPU
		{E46F608C-2739-459F-93A8-A98A611D22CF}.Debug|x64.ActiveCfg = Debug|Any CPU
		{E46F608C-2739-459F-93A8-A98A611D22CF}.Debug|x64.Build.0 = Debug|Any CPU
		{E46F608C-2739-459F-93A8-A98A611D22CF}.Debug|x86.ActiveCfg = Debug|Any CPU
		{E46F608C-2739-459F-93A8-A98A611D22CF}.Debug|x86.Build.0 = Debug|Any CPU
		{E46F608C-2739-459F-93A8-A98A611D22CF}.Release|Any CPU.ActiveCfg = Release|Any CPU
		{E46F608C-2739-459F-93A8-A98A611D22CF}.Release|Any CPU.Build.0 = Release|Any CPU
		{E46F608C-2739-459F-93A8-A98A611D22CF}.Release|x64.ActiveCfg = Release|Any CPU
		{E46F608C-2739-459F-93A8-A98A611D22CF}.Release|x64.Build.0 = Release|Any CPU
		{E46F608C-2739-459F-93A8-A98A611D22CF}.Release|x86.ActiveCfg = Release|Any CPU
		{E46F608C-2739-459F-93A8-A98A611D22CF}.Release|x86.Build.0 = Release|Any CPU
		{AD519847-4D45-446E-B193-6D8C8E529332}.Debug|Any CPU.ActiveCfg = Debug|Any CPU
		{AD519847-4D45-446E-B193-6D8C8E529332}.Debug|Any CPU.Build.0 = Debug|Any CPU
		{AD519847-4D45-446E-B193-6D8C8E529332}.Debug|x64.ActiveCfg = Debug|Any CPU
		{AD519847-4D45-446E-B193-6D8C8E529332}.Debug|x64.Build.0 = Debug|Any CPU
		{AD519847-4D45-446E-B193-6D8C8E529332}.Debug|x86.ActiveCfg = Debug|Any CPU
		{AD519847-4D45-446E-B193-6D8C8E529332}.Debug|x86.Build.0 = Debug|Any CPU
		{AD519847-4D45-446E-B193-6D8C8E529332}.Release|Any CPU.ActiveCfg = Release|Any CPU
		{AD519847-4D45-446E-B193-6D8C8E529332}.Release|Any CPU.Build.0 = Release|Any CPU
		{AD519847-4D45-446E-B193-6D8C8E529332}.Release|x64.ActiveCfg = Release|Any CPU
		{AD519847-4D45-446E-B193-6D8C8E529332}.Release|x64.Build.0 = Release|Any CPU
		{AD519847-4D45-446E-B193-6D8C8E529332}.Release|x86.ActiveCfg = Release|Any CPU
		{AD519847-4D45-446E-B193-6D8C8E529332}.Release|x86.Build.0 = Release|Any CPU
		{755F05F0-2E05-4251-B847-3F5F98AD335B}.Debug|Any CPU.ActiveCfg = Debug|Any CPU
		{755F05F0-2E05-4251-B847-3F5F98AD335B}.Debug|Any CPU.Build.0 = Debug|Any CPU
		{755F05F0-2E05-4251-B847-3F5F98AD335B}.Debug|x64.ActiveCfg = Debug|Any CPU
		{755F05F0-2E05-4251-B847-3F5F98AD335B}.Debug|x64.Build.0 = Debug|Any CPU
		{755F05F0-2E05-4251-B847-3F5F98AD335B}.Debug|x86.ActiveCfg = Debug|Any CPU
		{755F05F0-2E05-4251-B847-3F5F98AD335B}.Debug|x86.Build.0 = Debug|Any CPU
		{755F05F0-2E05-4251-B847-3F5F98AD335B}.Release|Any CPU.ActiveCfg = Release|Any CPU
		{755F05F0-2E05-4251-B847-3F5F98AD335B}.Release|Any CPU.Build.0 = Release|Any CPU
		{755F05F0-2E05-4251-B847-3F5F98AD335B}.Release|x64.ActiveCfg = Release|Any CPU
		{755F05F0-2E05-4251-B847-3F5F98AD335B}.Release|x64.Build.0 = Release|Any CPU
		{755F05F0-2E05-4251-B847-3F5F98AD335B}.Release|x86.ActiveCfg = Release|Any CPU
		{755F05F0-2E05-4251-B847-3F5F98AD335B}.Release|x86.Build.0 = Release|Any CPU
		{C3EB10FA-7C53-4ADD-9FF4-93687BDC5C23}.Debug|Any CPU.ActiveCfg = Debug|Any CPU
		{C3EB10FA-7C53-4ADD-9FF4-93687BDC5C23}.Debug|Any CPU.Build.0 = Debug|Any CPU
		{C3EB10FA-7C53-4ADD-9FF4-93687BDC5C23}.Debug|x64.ActiveCfg = Debug|Any CPU
		{C3EB10FA-7C53-4ADD-9FF4-93687BDC5C23}.Debug|x64.Build.0 = Debug|Any CPU
		{C3EB10FA-7C53-4ADD-9FF4-93687BDC5C23}.Debug|x86.ActiveCfg = Debug|Any CPU
		{C3EB10FA-7C53-4ADD-9FF4-93687BDC5C23}.Debug|x86.Build.0 = Debug|Any CPU
		{C3EB10FA-7C53-4ADD-9FF4-93687BDC5C23}.Release|Any CPU.ActiveCfg = Release|Any CPU
		{C3EB10FA-7C53-4ADD-9FF4-93687BDC5C23}.Release|Any CPU.Build.0 = Release|Any CPU
		{C3EB10FA-7C53-4ADD-9FF4-93687BDC5C23}.Release|x64.ActiveCfg = Release|Any CPU
		{C3EB10FA-7C53-4ADD-9FF4-93687BDC5C23}.Release|x64.Build.0 = Release|Any CPU
		{C3EB10FA-7C53-4ADD-9FF4-93687BDC5C23}.Release|x86.ActiveCfg = Release|Any CPU
		{C3EB10FA-7C53-4ADD-9FF4-93687BDC5C23}.Release|x86.Build.0 = Release|Any CPU
		{33FF0262-CEA2-4A13-8666-751182C989BD}.Debug|Any CPU.ActiveCfg = Debug|Any CPU
		{33FF0262-CEA2-4A13-8666-751182C989BD}.Debug|Any CPU.Build.0 = Debug|Any CPU
		{33FF0262-CEA2-4A13-8666-751182C989BD}.Debug|x64.ActiveCfg = Debug|Any CPU
		{33FF0262-CEA2-4A13-8666-751182C989BD}.Debug|x64.Build.0 = Debug|Any CPU
		{33FF0262-CEA2-4A13-8666-751182C989BD}.Debug|x86.ActiveCfg = Debug|Any CPU
		{33FF0262-CEA2-4A13-8666-751182C989BD}.Debug|x86.Build.0 = Debug|Any CPU
		{33FF0262-CEA2-4A13-8666-751182C989BD}.Release|Any CPU.ActiveCfg = Release|Any CPU
		{33FF0262-CEA2-4A13-8666-751182C989BD}.Release|Any CPU.Build.0 = Release|Any CPU
		{33FF0262-CEA2-4A13-8666-751182C989BD}.Release|x64.ActiveCfg = Release|Any CPU
		{33FF0262-CEA2-4A13-8666-751182C989BD}.Release|x64.Build.0 = Release|Any CPU
		{33FF0262-CEA2-4A13-8666-751182C989BD}.Release|x86.ActiveCfg = Release|Any CPU
		{33FF0262-CEA2-4A13-8666-751182C989BD}.Release|x86.Build.0 = Release|Any CPU
		{F9BF4E6E-9E27-44D4-8F17-EC7C811751BB}.Debug|Any CPU.ActiveCfg = Debug|Any CPU
		{F9BF4E6E-9E27-44D4-8F17-EC7C811751BB}.Debug|Any CPU.Build.0 = Debug|Any CPU
		{F9BF4E6E-9E27-44D4-8F17-EC7C811751BB}.Debug|x64.ActiveCfg = Debug|Any CPU
		{F9BF4E6E-9E27-44D4-8F17-EC7C811751BB}.Debug|x64.Build.0 = Debug|Any CPU
		{F9BF4E6E-9E27-44D4-8F17-EC7C811751BB}.Debug|x86.ActiveCfg = Debug|Any CPU
		{F9BF4E6E-9E27-44D4-8F17-EC7C811751BB}.Debug|x86.Build.0 = Debug|Any CPU
		{F9BF4E6E-9E27-44D4-8F17-EC7C811751BB}.Release|Any CPU.ActiveCfg = Release|Any CPU
		{F9BF4E6E-9E27-44D4-8F17-EC7C811751BB}.Release|Any CPU.Build.0 = Release|Any CPU
		{F9BF4E6E-9E27-44D4-8F17-EC7C811751BB}.Release|x64.ActiveCfg = Release|Any CPU
		{F9BF4E6E-9E27-44D4-8F17-EC7C811751BB}.Release|x64.Build.0 = Release|Any CPU
		{F9BF4E6E-9E27-44D4-8F17-EC7C811751BB}.Release|x86.ActiveCfg = Release|Any CPU
		{F9BF4E6E-9E27-44D4-8F17-EC7C811751BB}.Release|x86.Build.0 = Release|Any CPU
		{E62B49B1-8E32-4897-8A45-992F7BD8BDD6}.Debug|Any CPU.ActiveCfg = Debug|Any CPU
		{E62B49B1-8E32-4897-8A45-992F7BD8BDD6}.Debug|Any CPU.Build.0 = Debug|Any CPU
		{E62B49B1-8E32-4897-8A45-992F7BD8BDD6}.Debug|x64.ActiveCfg = Debug|Any CPU
		{E62B49B1-8E32-4897-8A45-992F7BD8BDD6}.Debug|x64.Build.0 = Debug|Any CPU
		{E62B49B1-8E32-4897-8A45-992F7BD8BDD6}.Debug|x86.ActiveCfg = Debug|Any CPU
		{E62B49B1-8E32-4897-8A45-992F7BD8BDD6}.Debug|x86.Build.0 = Debug|Any CPU
		{E62B49B1-8E32-4897-8A45-992F7BD8BDD6}.Release|Any CPU.ActiveCfg = Release|Any CPU
		{E62B49B1-8E32-4897-8A45-992F7BD8BDD6}.Release|Any CPU.Build.0 = Release|Any CPU
		{E62B49B1-8E32-4897-8A45-992F7BD8BDD6}.Release|x64.ActiveCfg = Release|Any CPU
		{E62B49B1-8E32-4897-8A45-992F7BD8BDD6}.Release|x64.Build.0 = Release|Any CPU
		{E62B49B1-8E32-4897-8A45-992F7BD8BDD6}.Release|x86.ActiveCfg = Release|Any CPU
		{E62B49B1-8E32-4897-8A45-992F7BD8BDD6}.Release|x86.Build.0 = Release|Any CPU
		{12A2E9E7-87A1-4192-9FEC-3B150BA77AA7}.Debug|Any CPU.ActiveCfg = Debug|Any CPU
		{12A2E9E7-87A1-4192-9FEC-3B150BA77AA7}.Debug|Any CPU.Build.0 = Debug|Any CPU
		{12A2E9E7-87A1-4192-9FEC-3B150BA77AA7}.Debug|x64.ActiveCfg = Debug|Any CPU
		{12A2E9E7-87A1-4192-9FEC-3B150BA77AA7}.Debug|x64.Build.0 = Debug|Any CPU
		{12A2E9E7-87A1-4192-9FEC-3B150BA77AA7}.Debug|x86.ActiveCfg = Debug|Any CPU
		{12A2E9E7-87A1-4192-9FEC-3B150BA77AA7}.Debug|x86.Build.0 = Debug|Any CPU
		{12A2E9E7-87A1-4192-9FEC-3B150BA77AA7}.Release|Any CPU.ActiveCfg = Release|Any CPU
		{12A2E9E7-87A1-4192-9FEC-3B150BA77AA7}.Release|Any CPU.Build.0 = Release|Any CPU
		{12A2E9E7-87A1-4192-9FEC-3B150BA77AA7}.Release|x64.ActiveCfg = Release|Any CPU
		{12A2E9E7-87A1-4192-9FEC-3B150BA77AA7}.Release|x64.Build.0 = Release|Any CPU
		{12A2E9E7-87A1-4192-9FEC-3B150BA77AA7}.Release|x86.ActiveCfg = Release|Any CPU
		{12A2E9E7-87A1-4192-9FEC-3B150BA77AA7}.Release|x86.Build.0 = Release|Any CPU
		{A1183868-4CF3-449C-A631-2ED7FE31ABC1}.Debug|Any CPU.ActiveCfg = Debug|Any CPU
		{A1183868-4CF3-449C-A631-2ED7FE31ABC1}.Debug|Any CPU.Build.0 = Debug|Any CPU
		{A1183868-4CF3-449C-A631-2ED7FE31ABC1}.Debug|x64.ActiveCfg = Debug|Any CPU
		{A1183868-4CF3-449C-A631-2ED7FE31ABC1}.Debug|x64.Build.0 = Debug|Any CPU
		{A1183868-4CF3-449C-A631-2ED7FE31ABC1}.Debug|x86.ActiveCfg = Debug|Any CPU
		{A1183868-4CF3-449C-A631-2ED7FE31ABC1}.Debug|x86.Build.0 = Debug|Any CPU
		{A1183868-4CF3-449C-A631-2ED7FE31ABC1}.Release|Any CPU.ActiveCfg = Release|Any CPU
		{A1183868-4CF3-449C-A631-2ED7FE31ABC1}.Release|Any CPU.Build.0 = Release|Any CPU
		{A1183868-4CF3-449C-A631-2ED7FE31ABC1}.Release|x64.ActiveCfg = Release|Any CPU
		{A1183868-4CF3-449C-A631-2ED7FE31ABC1}.Release|x64.Build.0 = Release|Any CPU
		{A1183868-4CF3-449C-A631-2ED7FE31ABC1}.Release|x86.ActiveCfg = Release|Any CPU
		{A1183868-4CF3-449C-A631-2ED7FE31ABC1}.Release|x86.Build.0 = Release|Any CPU
		{3B6018DD-6C28-4600-999E-FA129BDE2221}.Debug|Any CPU.ActiveCfg = Debug|Any CPU
		{3B6018DD-6C28-4600-999E-FA129BDE2221}.Debug|Any CPU.Build.0 = Debug|Any CPU
		{3B6018DD-6C28-4600-999E-FA129BDE2221}.Debug|x64.ActiveCfg = Debug|Any CPU
		{3B6018DD-6C28-4600-999E-FA129BDE2221}.Debug|x64.Build.0 = Debug|Any CPU
		{3B6018DD-6C28-4600-999E-FA129BDE2221}.Debug|x86.ActiveCfg = Debug|Any CPU
		{3B6018DD-6C28-4600-999E-FA129BDE2221}.Debug|x86.Build.0 = Debug|Any CPU
		{3B6018DD-6C28-4600-999E-FA129BDE2221}.Release|Any CPU.ActiveCfg = Release|Any CPU
		{3B6018DD-6C28-4600-999E-FA129BDE2221}.Release|Any CPU.Build.0 = Release|Any CPU
		{3B6018DD-6C28-4600-999E-FA129BDE2221}.Release|x64.ActiveCfg = Release|Any CPU
		{3B6018DD-6C28-4600-999E-FA129BDE2221}.Release|x64.Build.0 = Release|Any CPU
		{3B6018DD-6C28-4600-999E-FA129BDE2221}.Release|x86.ActiveCfg = Release|Any CPU
		{3B6018DD-6C28-4600-999E-FA129BDE2221}.Release|x86.Build.0 = Release|Any CPU
		{A5A9E3B6-6C2E-40D8-85F6-6C82EDBB72EF}.Debug|Any CPU.ActiveCfg = Debug|Any CPU
		{A5A9E3B6-6C2E-40D8-85F6-6C82EDBB72EF}.Debug|Any CPU.Build.0 = Debug|Any CPU
		{A5A9E3B6-6C2E-40D8-85F6-6C82EDBB72EF}.Debug|x64.ActiveCfg = Debug|Any CPU
		{A5A9E3B6-6C2E-40D8-85F6-6C82EDBB72EF}.Debug|x64.Build.0 = Debug|Any CPU
		{A5A9E3B6-6C2E-40D8-85F6-6C82EDBB72EF}.Debug|x86.ActiveCfg = Debug|Any CPU
		{A5A9E3B6-6C2E-40D8-85F6-6C82EDBB72EF}.Debug|x86.Build.0 = Debug|Any CPU
		{A5A9E3B6-6C2E-40D8-85F6-6C82EDBB72EF}.Release|Any CPU.ActiveCfg = Release|Any CPU
		{A5A9E3B6-6C2E-40D8-85F6-6C82EDBB72EF}.Release|Any CPU.Build.0 = Release|Any CPU
		{A5A9E3B6-6C2E-40D8-85F6-6C82EDBB72EF}.Release|x64.ActiveCfg = Release|Any CPU
		{A5A9E3B6-6C2E-40D8-85F6-6C82EDBB72EF}.Release|x64.Build.0 = Release|Any CPU
		{A5A9E3B6-6C2E-40D8-85F6-6C82EDBB72EF}.Release|x86.ActiveCfg = Release|Any CPU
		{A5A9E3B6-6C2E-40D8-85F6-6C82EDBB72EF}.Release|x86.Build.0 = Release|Any CPU
		{0C7B25C1-E347-4A9C-A8D5-78791FEC25CF}.Debug|Any CPU.ActiveCfg = Debug|Any CPU
		{0C7B25C1-E347-4A9C-A8D5-78791FEC25CF}.Debug|Any CPU.Build.0 = Debug|Any CPU
		{0C7B25C1-E347-4A9C-A8D5-78791FEC25CF}.Debug|x64.ActiveCfg = Debug|Any CPU
		{0C7B25C1-E347-4A9C-A8D5-78791FEC25CF}.Debug|x64.Build.0 = Debug|Any CPU
		{0C7B25C1-E347-4A9C-A8D5-78791FEC25CF}.Debug|x86.ActiveCfg = Debug|Any CPU
		{0C7B25C1-E347-4A9C-A8D5-78791FEC25CF}.Debug|x86.Build.0 = Debug|Any CPU
		{0C7B25C1-E347-4A9C-A8D5-78791FEC25CF}.Release|Any CPU.ActiveCfg = Release|Any CPU
		{0C7B25C1-E347-4A9C-A8D5-78791FEC25CF}.Release|Any CPU.Build.0 = Release|Any CPU
		{0C7B25C1-E347-4A9C-A8D5-78791FEC25CF}.Release|x64.ActiveCfg = Release|Any CPU
		{0C7B25C1-E347-4A9C-A8D5-78791FEC25CF}.Release|x64.Build.0 = Release|Any CPU
		{0C7B25C1-E347-4A9C-A8D5-78791FEC25CF}.Release|x86.ActiveCfg = Release|Any CPU
		{0C7B25C1-E347-4A9C-A8D5-78791FEC25CF}.Release|x86.Build.0 = Release|Any CPU
		{4C54A27C-7AC9-4593-BAA2-9269E421822D}.Debug|Any CPU.ActiveCfg = Debug|Any CPU
		{4C54A27C-7AC9-4593-BAA2-9269E421822D}.Debug|Any CPU.Build.0 = Debug|Any CPU
		{4C54A27C-7AC9-4593-BAA2-9269E421822D}.Debug|x64.ActiveCfg = Debug|Any CPU
		{4C54A27C-7AC9-4593-BAA2-9269E421822D}.Debug|x64.Build.0 = Debug|Any CPU
		{4C54A27C-7AC9-4593-BAA2-9269E421822D}.Debug|x86.ActiveCfg = Debug|Any CPU
		{4C54A27C-7AC9-4593-BAA2-9269E421822D}.Debug|x86.Build.0 = Debug|Any CPU
		{4C54A27C-7AC9-4593-BAA2-9269E421822D}.Release|Any CPU.ActiveCfg = Release|Any CPU
		{4C54A27C-7AC9-4593-BAA2-9269E421822D}.Release|Any CPU.Build.0 = Release|Any CPU
		{4C54A27C-7AC9-4593-BAA2-9269E421822D}.Release|x64.ActiveCfg = Release|Any CPU
		{4C54A27C-7AC9-4593-BAA2-9269E421822D}.Release|x64.Build.0 = Release|Any CPU
		{4C54A27C-7AC9-4593-BAA2-9269E421822D}.Release|x86.ActiveCfg = Release|Any CPU
		{4C54A27C-7AC9-4593-BAA2-9269E421822D}.Release|x86.Build.0 = Release|Any CPU
	EndGlobalSection
	GlobalSection(NestedProjects) = preSolution
		{29AE86BE-4A90-411A-9FFE-76A0214B5727} = {E70EDB50-C608-11EA-8320-F18526A4E78F}
		{2DB8CAB2-AD1E-447D-81EB-E0ED66EF2616} = {E70EDB50-C608-11EA-8320-F18526A4E78F}
		{C29FA8B3-D556-425C-B234-30928913B4E4} = {E70EDB50-C608-11EA-8320-F18526A4E78F}
		{E6E150DE-E270-4C83-9D2B-7C3CC049C565} = {E70EDB50-C608-11EA-8320-F18526A4E78F}
		{44B7E4E6-A118-4E4F-9866-4AFA060C8862} = {E70EDB50-C608-11EA-8320-F18526A4E78F}
		{8C74184C-EC2C-4AFC-941B-D990457B45EF} = {44B7E4E6-A118-4E4F-9866-4AFA060C8862}
		{E46F608C-2739-459F-93A8-A98A611D22CF} = {44B7E4E6-A118-4E4F-9866-4AFA060C8862}
		{AD519847-4D45-446E-B193-6D8C8E529332} = {44B7E4E6-A118-4E4F-9866-4AFA060C8862}
		{755F05F0-2E05-4251-B847-3F5F98AD335B} = {44B7E4E6-A118-4E4F-9866-4AFA060C8862}
		{C3EB10FA-7C53-4ADD-9FF4-93687BDC5C23} = {44B7E4E6-A118-4E4F-9866-4AFA060C8862}
		{33FF0262-CEA2-4A13-8666-751182C989BD} = {44B7E4E6-A118-4E4F-9866-4AFA060C8862}
		{F9BF4E6E-9E27-44D4-8F17-EC7C811751BB} = {44B7E4E6-A118-4E4F-9866-4AFA060C8862}
		{E62B49B1-8E32-4897-8A45-992F7BD8BDD6} = {44B7E4E6-A118-4E4F-9866-4AFA060C8862}
		{12A2E9E7-87A1-4192-9FEC-3B150BA77AA7} = {1588E5C0-C609-11EA-8320-F18526A4E78F}
		{A1183868-4CF3-449C-A631-2ED7FE31ABC1} = {1588E5C0-C609-11EA-8320-F18526A4E78F}
		{3B6018DD-6C28-4600-999E-FA129BDE2221} = {1588E5C0-C609-11EA-8320-F18526A4E78F}
		{A5A9E3B6-6C2E-40D8-85F6-6C82EDBB72EF} = {1588E5C0-C609-11EA-8320-F18526A4E78F}
		{0C7B25C1-E347-4A9C-A8D5-78791FEC25CF} = {1588E5C0-C609-11EA-8320-F18526A4E78F}
		{4C54A27C-7AC9-4593-BAA2-9269E421822D} = {1588E5C0-C609-11EA-8320-F18526A4E78F}
	EndGlobalSection
EndGlobal
